
Microsoft Visual Studio Solution File, Format Version 12.00
# Visual Studio 15
VisualStudioVersion = 15.0.28307.902
MinimumVisualStudioVersion = 10.0.40219.1
Project("{FAE04EC0-301F-11D3-BF4B-00C04F79EFBC}") = "LeapYear", "LeapYear\LeapYear.csproj", "{D5322E2D-631B-4580-8C67-899EA6C89078}"
EndProject
Global
	GlobalSection(SolutionConfigurationPlatforms) = preSolution
		Debug|Any CPU = Debug|Any CPU
		Release|Any CPU = Release|Any CPU
	EndGlobalSection
	GlobalSection(ProjectConfigurationPlatforms) = postSolution
		{D5322E2D-631B-4580-8C67-899EA6C89078}.Debug|Any CPU.ActiveCfg = Debug|Any CPU
		{D5322E2D-631B-4580-8C67-899EA6C89078}.Debug|Any CPU.Build.0 = Debug|Any CPU
		{D5322E2D-631B-4580-8C67-899EA6C89078}.Release|Any CPU.ActiveCfg = Release|Any CPU
		{D5322E2D-631B-4580-8C67-899EA6C89078}.Release|Any CPU.Build.0 = Release|Any CPU
	EndGlobalSection
	GlobalSection(SolutionProperties) = preSolution
		HideSolutionNode = FALSE
	EndGlobalSection
	GlobalSection(ExtensibilityGlobals) = postSolution
		SolutionGuid = {8C558E26-8984-4C92-B363-3395D205DC0B}
	EndGlobalSection
EndGlobal
